
Microsoft Visual Studio Solution File, Format Version 12.00
# Visual Studio Version 17
VisualStudioVersion = 17.3.32929.385
MinimumVisualStudioVersion = 10.0.40219.1
Project("{FAE04EC0-301F-11D3-BF4B-00C04F79EFBC}") = "Haftauc", "Haftauc.csproj", "{DACA162C-6D04-4894-BF59-0BF3DD3696DB}"
EndProject
Global
	GlobalSection(SolutionConfigurationPlatforms) = preSolution
		Debug|Any CPU = Debug|Any CPU
		Release|Any CPU = Release|Any CPU
	EndGlobalSection
	GlobalSection(ProjectConfigurationPlatforms) = postSolution
		{DACA162C-6D04-4894-BF59-0BF3DD3696DB}.Debug|Any CPU.ActiveCfg = Debug|Any CPU
		{DACA162C-6D04-4894-BF59-0BF3DD3696DB}.Debug|Any CPU.Build.0 = Debug|Any CPU
		{DACA162C-6D04-4894-BF59-0BF3DD3696DB}.Release|Any CPU.ActiveCfg = Release|Any CPU
		{DACA162C-6D04-4894-BF59-0BF3DD3696DB}.Release|Any CPU.Build.0 = Release|Any CPU
	EndGlobalSection
	GlobalSection(SolutionProperties) = preSolution
		HideSolutionNode = FALSE
	EndGlobalSection
	GlobalSection(ExtensibilityGlobals) = postSolution
		SolutionGuid = {B0738769-49AE-4859-8488-F30DD5C19DEE}
	EndGlobalSection
EndGlobal
